
Microsoft Visual Studio Solution File, Format Version 12.00
# Visual Studio Version 17
VisualStudioVersion = 17.14.36518.9 d17.14
MinimumVisualStudioVersion = 10.0.40219.1
Project("{FAE04EC0-301F-11D3-BF4B-00C04F79EFBC}") = "ADO.UseCase.ClassicEditor", "ADO.UseCase.ClassicEditor\ADO.UseCase.ClassicEditor.csproj", "{88DD1BE9-80F9-44AD-8AD8-2BD69AA57EA8}"
EndProject
Global
	GlobalSection(SolutionConfigurationPlatforms) = preSolution
		Debug|Any CPU = Debug|Any CPU
		Release|Any CPU = Release|Any CPU
	EndGlobalSection
	GlobalSection(ProjectConfigurationPlatforms) = postSolution
		{88DD1BE9-80F9-44AD-8AD8-2BD69AA57EA8}.Debug|Any CPU.ActiveCfg = Debug|Any CPU
		{88DD1BE9-80F9-44AD-8AD8-2BD69AA57EA8}.Debug|Any CPU.Build.0 = Debug|Any CPU
		{88DD1BE9-80F9-44AD-8AD8-2BD69AA57EA8}.Release|Any CPU.ActiveCfg = Release|Any CPU
		{88DD1BE9-80F9-44AD-8AD8-2BD69AA57EA8}.Release|Any CPU.Build.0 = Release|Any CPU
	EndGlobalSection
	GlobalSection(SolutionProperties) = preSolution
		HideSolutionNode = FALSE
	EndGlobalSection
	GlobalSection(ExtensibilityGlobals) = postSolution
		SolutionGuid = {E44A92B8-B072-42D2-9CD3-BB431803692F}
	EndGlobalSection
EndGlobal
